github.com/aymerick/douceur v0.2.0 h1:Mv+mAeH1Q+n9Fr+oyamOlAkUNPWPlA8PPGR0QAaYuPk=
github.com/aymerick/douceur v0.2.0/go.mod h1:wlT5vV2O3h55X9m7iVYN0TBM0NH/MmbLnd30/FjWUq4=
github.com/dchote/go-openal v0.0.0-20171116030048-f4a9a141d372/go.mod h1:74z+CYu2/mx4N+mcIS/rsvfAxBPBV9uv8zRAnwyFkdI=
github.com/golang/protobuf v1.3.1 h1:YF8+flBXS5eO826T4nzqPrxfhQThhXl0YzfuUPu4SBg=
github.com/golang/protobuf v1.3.1/go.mod h1:6lQm79b+lXiMfvg/cZm0SGofjICqVBUtrP5yJMmIC1U=
github.com/gorilla/css v1.0.0 h1:BQqNyPTi50JCFMTw/b67hByjMVXZRwGha6wxVGkeihY=
github.com/gorilla/css v1.0.0/go.mod h1:Dn721qIggHpt4+EFCcTLTU/vk5ySda2ReITrtgBl60c=
github.com/lrstanley/girc v0.0.0-20220507183218-96757fe3d2a2 h1:iqJKGIChW2+aPIpnofEZAKgCNwG2tqytB2a1rJS6B6w=
github.com/lrstanley/girc v0.0.0-20220507183218-96757fe3d2a2/go.mod h1:lgrnhcF8bg/Bd5HA5DOb4Z+uGqUqGnp4skr+J2GwVgI=
github.com/microcosm-cc/bluemonday v1.0.18 h1:6HcxvXDAi3ARt3slx6nTesbvorIc3QeTzBNRvWktHBo=
github.com/microcosm-cc/bluemonday v1.0.18/go.mod h1:Z0r70sCuXHig8YpBzCc5eGHAap2K7e/u082ZUpDRRqM=
golang.org/x/net v0.0.0-20210614182718-04defd469f4e h1:XpT3nA5TvE525Ne3hInMh6+GETgn27Zfm9dxsThnX2Q=
golang.org/x/net v0.0.0-20210614182718-04defd469f4e/go.mod h1:9nx3DQGgdP8bBQD5qxJ1jj9UTztislL4KSBs9R2vV5Y=
golang.org/x/sys v0.0.0-20201119102817-f84b799fce68/go.mod h1:h1NjWce9XRLGQEsW7wpKNCjG9DtNlClVuFLEZdDNbEs=
golang.org/x/sys v0.0.0-20210423082822-04245dca01da/go.mod h1:h1NjWce9XRLGQEsW7wpKNCjG9DtNlClVuFLEZdDNbEs=
golang.org/x/term v0.0.0-20201126162022-7de9c90e9dd1/go.mod h1:bj7SfCRtBDWHUb9snDiAeCFNEtKQo2Wmx5Cou7ajbmo=
golang.org/x/text v0.3.6/go.mod h1:5Zoc/QRtKVWzQhOtBMvqHzDpF6irO9z98xDceosuGiQ=
golang.org/x/tools v0.0.0-20180917221912-90fa682c2a6e/go.mod h1:n7NCudcB/nEzxVGmLbDWY5pfWTLqBcC2KZ6jyYvM4mQ=
layeh.com/gopus v0.0.0-20161224163843-0ebf989153aa h1:WNU4LYsgD2UHxgKgB36mL6iMAMOvr127alafSlgBbiA=
layeh.com/gopus v0.0.0-20161224163843-0ebf989153aa/go.mod h1:AOef7vHz0+v4sWwJnr0jSyHiX/1NgsMoaxl+rEPz/I0=
layeh.com/gumble v0.0.0-20200818122324-146f9205029b h1:Kne6wkHqbqrygRsqs5XUNhSs84DFG5TYMeCkCbM56sY=
layeh.com/gumble v0.0.0-20200818122324-146f9205029b/go.mod h1:tWPVA9ZAfImNwabjcd9uDE+Mtz0Hfs7a7G3vxrnrwyc=
